
Microsoft Visual Studio Solution File, Format Version 12.00
# Visual Studio Version 16
VisualStudioVersion = 16.0.31205.134
MinimumVisualStudioVersion = 10.0.40219.1
Project("{888888A0-9F3D-457C-B088-3A5042F75D52}") = "Splay_tree_Py", "Splay_tree_Py\Splay_tree_Py.pyproj", "{42D53E87-8B74-4339-AEF2-05C229C188C3}"
EndProject
Global
	GlobalSection(SolutionConfigurationPlatforms) = preSolution
		Debug|Any CPU = Debug|Any CPU
		Release|Any CPU = Release|Any CPU
	EndGlobalSection
	GlobalSection(ProjectConfigurationPlatforms) = postSolution
		{42D53E87-8B74-4339-AEF2-05C229C188C3}.Debug|Any CPU.ActiveCfg = Debug|Any CPU
		{42D53E87-8B74-4339-AEF2-05C229C188C3}.Release|Any CPU.ActiveCfg = Release|Any CPU
	EndGlobalSection
	GlobalSection(SolutionProperties) = preSolution
		HideSolutionNode = FALSE
	EndGlobalSection
	GlobalSection(ExtensibilityGlobals) = postSolution
		SolutionGuid = {A736D5DA-F1F9-426C-AB41-28E02BC12EFE}
	EndGlobalSection
EndGlobal
